%{"amqp": {:hex, :amqp, "0.1.1"},
  "amqp_client": {:hex, :amqp_client, "3.5.0"},
  "ex_doc": {:git, "git://github.com/elixir-lang/ex_doc.git", "27a1efed075ce6913385d87fb5eafe90cef4b776", []},
  "exactor": {:hex, :exactor, "2.1.2"},
  "exjsx": {:hex, :exjsx, "3.1.0"},
  "exvcr": {:git, "git://github.com/parroty/exvcr.git", "39fea54c38ea3c8a1a0e790c02a6c8d403fcccd7", []},
  "hackney": {:hex, :hackney, "1.1.0"},
  "hoedown": {:git, "git://github.com/hoedown/hoedown.git", "365ad578e7b767ffe7126f029c184d727a3e95b3", []},
  "httpoison": {:hex, :httpoison, "0.6.2"},
  "idna": {:hex, :idna, "1.0.2"},
  "json": {:hex, :json, "0.3.2"},
  "jsx": {:hex, :jsx, "2.4.0"},
  "markdown": {:git, "git://github.com/devinus/markdown.git", "cd0df79b6f1cc374499d47f6ba6aaab5096f874f", []},
  "meck": {:hex, :meck, "0.8.2"},
  "openaperture_auth": {:git, "https://github.com/OpenAperture/auth.git", "227f10bc6108176523b96f016f2fc57adb472320", [ref: "227f10bc6108176523b96f016f2fc57adb472320"]},
  "openaperture_manager_api": {:git, "https://github.com/OpenAperture/manager_api.git", "8e2f6bdbf9f93dcae2540b1313f9d6dfc0a254a6", [ref: "8e2f6bdbf9f93dcae2540b1313f9d6dfc0a254a6"]},
  "poison": {:hex, :poison, "1.3.1"},
  "rabbit_common": {:hex, :rabbit_common, "3.5.0"},
  "ssl_verify_hostname": {:hex, :ssl_verify_hostname, "1.0.4"},
  "uuid": {:hex, :uuid, "0.1.5"}}
