%{"amqp": {:hex, :amqp, "0.1.1"},
  "amqp_client": {:hex, :amqp_client, "3.5.0"},
  "earmark": {:hex, :earmark, "0.1.17"},
  "ex_doc": {:hex, :ex_doc, "0.7.3"},
  "exactor": {:hex, :exactor, "2.1.2"},
  "exjsx": {:hex, :exjsx, "3.1.0"},
  "exvcr": {:git, "git://github.com/parroty/exvcr.git", "e23652efbaa21e863f679baf040470018a1c9d20", []},
  "hackney": {:hex, :hackney, "1.1.0"},
  "httpoison": {:hex, :httpoison, "0.6.2"},
  "idna": {:hex, :idna, "1.0.2"},
  "json": {:hex, :json, "0.3.2"},
  "jsx": {:hex, :jsx, "2.4.0"},
  "meck": {:hex, :meck, "0.8.2"},
  "openaperture_auth": {:git, "https://github.com/OpenAperture/auth.git", "dc7a0813b335d3013dff60d271ae1f51fc4b5049", [ref: "dc7a0813b335d3013dff60d271ae1f51fc4b5049"]},
  "openaperture_manager_api": {:git, "https://github.com/OpenAperture/manager_api.git", "7bee243e9ae57938b09799ac01a9edc2f722720c", [ref: "7bee243e9ae57938b09799ac01a9edc2f722720c"]},
  "poison": {:hex, :poison, "1.4.0"},
  "rabbit_common": {:hex, :rabbit_common, "3.5.0"},
  "ssl_verify_hostname": {:hex, :ssl_verify_hostname, "1.0.5"},
  "uuid": {:hex, :uuid, "0.1.5"}}
