%{"amqp": {:hex, :amqp, "0.1.1"},
  "amqp_client": {:hex, :amqp_client, "3.5.0"},
  "earmark": {:git, "git://github.com/pragdave/earmark.git", "f078149976c6b408422bb0a6fe782f57b17afa3b", [tag: "v0.1.8"]},
  "ex_doc": {:git, "git://github.com/elixir-lang/ex_doc.git", "214afbbaee86c4f93b80419e736cdad1986712ef", []},
  "exactor": {:hex, :exactor, "2.1.2"},
  "exjsx": {:hex, :exjsx, "3.1.0"},
  "exvcr": {:git, "git://github.com/parroty/exvcr.git", "e23652efbaa21e863f679baf040470018a1c9d20", []},
  "hackney": {:hex, :hackney, "1.1.0"},
  "hoedown": {:git, "git://github.com/hoedown/hoedown.git", "7c7aadf91dcfb71307d38a9cbbf7726fd5a63c91", []},
  "httpoison": {:hex, :httpoison, "0.6.2"},
  "idna": {:hex, :idna, "1.0.2"},
  "json": {:hex, :json, "0.3.2"},
  "jsx": {:hex, :jsx, "2.4.0"},
  "markdown": {:git, "git://github.com/devinus/markdown.git", "cd0df79b6f1cc374499d47f6ba6aaab5096f874f", []},
  "meck": {:hex, :meck, "0.8.2"},
  "openaperture_auth": {:git, "https://:x-oauth-basic@github.com/OpenAperture/auth.git", "0ded31f747cb0b781838b5799acadcda88dd7953", [ref: "0ded31f747cb0b781838b5799acadcda88dd7953"]},
  "openaperture_manager_api": {:git, "https://github.com/OpenAperture/manager_api.git", "f67a4570ec4b46cb2b2bb746924b322eec1e3178", [ref: "f67a4570ec4b46cb2b2bb746924b322eec1e3178"]},
  "poison": {:hex, :poison, "1.3.1"},
  "rabbit_common": {:hex, :rabbit_common, "3.5.0"},
  "ssl_verify_hostname": {:hex, :ssl_verify_hostname, "1.0.4"},
  "uuid": {:hex, :uuid, "0.1.5"}}
